
Microsoft Visual Studio Solution File, Format Version 12.00
# Visual Studio Version 17
VisualStudioVersion = 17.6.33829.357
MinimumVisualStudioVersion = 10.0.40219.1
Project("{FAE04EC0-301F-11D3-BF4B-00C04F79EFBC}") = "WebAPIGroup2", "WebAPIGroup2\WebAPIGroup2.csproj", "{19BB4A10-515A-46E8-9903-0F0125AADFA0}"
EndProject
Global
	GlobalSection(SolutionConfigurationPlatforms) = preSolution
		Debug|Any CPU = Debug|Any CPU
		Release|Any CPU = Release|Any CPU
	EndGlobalSection
	GlobalSection(ProjectConfigurationPlatforms) = postSolution
		{19BB4A10-515A-46E8-9903-0F0125AADFA0}.Debug|Any CPU.ActiveCfg = Debug|Any CPU
		{19BB4A10-515A-46E8-9903-0F0125AADFA0}.Debug|Any CPU.Build.0 = Debug|Any CPU
		{19BB4A10-515A-46E8-9903-0F0125AADFA0}.Release|Any CPU.ActiveCfg = Release|Any CPU
		{19BB4A10-515A-46E8-9903-0F0125AADFA0}.Release|Any CPU.Build.0 = Release|Any CPU
	EndGlobalSection
	GlobalSection(SolutionProperties) = preSolution
		HideSolutionNode = FALSE
	EndGlobalSection
	GlobalSection(ExtensibilityGlobals) = postSolution
		SolutionGuid = {C5B23070-9FA2-4923-BCDF-FE0CE3C87387}
	EndGlobalSection
EndGlobal
